
Microsoft Visual Studio Solution File, Format Version 12.00
# Visual Studio 15
VisualStudioVersion = 15.0.27130.2020
MinimumVisualStudioVersion = 10.0.40219.1
Project("{FAE04EC0-301F-11D3-BF4B-00C04F79EFBC}") = "CheckersWPF", "CheckersWPF\CheckersWPF.csproj", "{D4C686CD-93A1-49F3-B85D-1ED0E279CF1E}"
EndProject
Global
	GlobalSection(SolutionConfigurationPlatforms) = preSolution
		Debug|Any CPU = Debug|Any CPU
		Release|Any CPU = Release|Any CPU
	EndGlobalSection
	GlobalSection(ProjectConfigurationPlatforms) = postSolution
		{D4C686CD-93A1-49F3-B85D-1ED0E279CF1E}.Debug|Any CPU.ActiveCfg = Debug|Any CPU
		{D4C686CD-93A1-49F3-B85D-1ED0E279CF1E}.Debug|Any CPU.Build.0 = Debug|Any CPU
		{D4C686CD-93A1-49F3-B85D-1ED0E279CF1E}.Release|Any CPU.ActiveCfg = Release|Any CPU
		{D4C686CD-93A1-49F3-B85D-1ED0E279CF1E}.Release|Any CPU.Build.0 = Release|Any CPU
	EndGlobalSection
	GlobalSection(SolutionProperties) = preSolution
		HideSolutionNode = FALSE
	EndGlobalSection
	GlobalSection(ExtensibilityGlobals) = postSolution
		SolutionGuid = {49355B50-4DDE-4AB7-8170-2190888FBC38}
	EndGlobalSection
EndGlobal
